// !$*UTF8*$!
{
	archiveVersion = 1;
	classes = {
	};
	objectVersion = 46;
	objects = {

/* Begin PBXBuildFile section */
		070C162F1D693CF800738BC7 /* main.m in Sources */ = {isa = PBXBuildFile; fileRef = 070C162E1D693CF800738BC7 /* main.m */; };
		070C16321D693CF800738BC7 /* AppDelegate.m in Sources */ = {isa = PBXBuildFile; fileRef = 070C16311D693CF800738BC7 /* AppDelegate.m */; };
		070C16351D693CF800738BC7 /* ViewController.m in Sources */ = {isa = PBXBuildFile; fileRef = 070C16341D693CF800738BC7 /* ViewController.m */; };
		070C16381D693CF800738BC7 /* Main.storyboard in Resources */ = {isa = PBXBuildFile; fileRef = 070C16361D693CF800738BC7 /* Main.storyboard */; };
		070C163A1D693CF800738BC7 /* Assets.xcassets in Resources */ = {isa = PBXBuildFile; fileRef = 070C16391D693CF800738BC7 /* Assets.xcassets */; };
		070C163D1D693CF800738BC7 /* LaunchScreen.storyboard in Resources */ = {isa = PBXBuildFile; fileRef = 070C163B1D693CF800738BC7 /* LaunchScreen.storyboard */; };
		070C16481D693CF800738BC7 /* lingkeTests.m in Sources */ = {isa = PBXBuildFile; fileRef = 070C16471D693CF800738BC7 /* lingkeTests.m */; };
		070C16531D693CF800738BC7 /* lingkeUITests.m in Sources */ = {isa = PBXBuildFile; fileRef = 070C16521D693CF800738BC7 /* lingkeUITests.m */; };
		070C16641D69443000738BC7 /* ConfigureColor.m in Sources */ = {isa = PBXBuildFile; fileRef = 070C16631D69443000738BC7 /* ConfigureColor.m */; };
		070C16ED1D6C18F500738BC7 /* HttpsRequestManger.m in Sources */ = {isa = PBXBuildFile; fileRef = 070C16EC1D6C18F500738BC7 /* HttpsRequestManger.m */; };
		070C16F71D6C338D00738BC7 /* libxml2.tbd in Frameworks */ = {isa = PBXBuildFile; fileRef = 070C16F61D6C338D00738BC7 /* libxml2.tbd */; };
		070C16FB1D6C4C0300738BC7 /* TutorialsModel.m in Sources */ = {isa = PBXBuildFile; fileRef = 070C16FA1D6C4C0300738BC7 /* TutorialsModel.m */; };
		070C1A6D1D7EA34100D6E726 /* HomeFunctionModel.m in Sources */ = {isa = PBXBuildFile; fileRef = 070C1A6C1D7EA34100D6E726 /* HomeFunctionModel.m */; };
		070C1A711D7EC28300D6E726 /* MenusView.m in Sources */ = {isa = PBXBuildFile; fileRef = 070C1A701D7EC28300D6E726 /* MenusView.m */; };
		070C1A741D80008100D6E726 /* MessageModel.m in Sources */ = {isa = PBXBuildFile; fileRef = 070C1A731D80008100D6E726 /* MessageModel.m */; };
		070C1A771D800CEA00D6E726 /* MessageTableViewCell.m in Sources */ = {isa = PBXBuildFile; fileRef = 070C1A761D800CEA00D6E726 /* MessageTableViewCell.m */; };
		070C1A7A1D8015A200D6E726 /* MessageDetailsViewController.m in Sources */ = {isa = PBXBuildFile; fileRef = 070C1A791D8015A200D6E726 /* MessageDetailsViewController.m */; };
		072190721D7290BA00EA832B /* XMLDictionary.m in Sources */ = {isa = PBXBuildFile; fileRef = 072190711D7290BA00EA832B /* XMLDictionary.m */; };
		072190751D72972200EA832B /* HomeappModel.m in Sources */ = {isa = PBXBuildFile; fileRef = 072190741D72972100EA832B /* HomeappModel.m */; };
		072190781D72CB0D00EA832B /* NewsInfoModel.m in Sources */ = {isa = PBXBuildFile; fileRef = 072190771D72CB0D00EA832B /* NewsInfoModel.m */; };
		0721907B1D72CF7300EA832B /* HomepageCell.m in Sources */ = {isa = PBXBuildFile; fileRef = 0721907A1D72CF7300EA832B /* HomepageCell.m */; };
		0721907D1D72CF8000EA832B /* HomepageCell.xib in Resources */ = {isa = PBXBuildFile; fileRef = 0721907C1D72CF8000EA832B /* HomepageCell.xib */; };
		072190811D72D18500EA832B /* HomepageCollectionViewCell.m in Sources */ = {isa = PBXBuildFile; fileRef = 0721907F1D72D18500EA832B /* HomepageCollectionViewCell.m */; };
		072190821D72D18500EA832B /* HomepageCollectionViewCell.xib in Resources */ = {isa = PBXBuildFile; fileRef = 072190801D72D18500EA832B /* HomepageCollectionViewCell.xib */; };
		072190851D73158600EA832B /* ExtendappModel.m in Sources */ = {isa = PBXBuildFile; fileRef = 072190841D73158600EA832B /* ExtendappModel.m */; };
		072AAFC61D96871F0045F7DD /* Persion+CoreDataProperties.m in Sources */ = {isa = PBXBuildFile; fileRef = 072AAFC31D96871F0045F7DD /* Persion+CoreDataProperties.m */; };
		072AAFC71D96871F0045F7DD /* Persion.m in Sources */ = {isa = PBXBuildFile; fileRef = 072AAFC51D96871F0045F7DD /* Persion.m */; };
		072C28611D6C874200EAFFAC /* LocalData.m in Sources */ = {isa = PBXBuildFile; fileRef = 072C28601D6C874200EAFFAC /* LocalData.m */; };
		072C28641D6C9A2200EAFFAC /* BasicViewController.m in Sources */ = {isa = PBXBuildFile; fileRef = 072C28631D6C9A2200EAFFAC /* BasicViewController.m */; };
		072C28671D6C9A4700EAFFAC /* TutorialsViewController.m in Sources */ = {isa = PBXBuildFile; fileRef = 072C28661D6C9A4700EAFFAC /* TutorialsViewController.m */; };
		072C286A1D6C9A5600EAFFAC /* LoginViewController.m in Sources */ = {isa = PBXBuildFile; fileRef = 072C28691D6C9A5600EAFFAC /* LoginViewController.m */; };
		072C28701D6D689000EAFFAC /* BasicTableViewController.m in Sources */ = {isa = PBXBuildFile; fileRef = 072C286F1D6D689000EAFFAC /* BasicTableViewController.m */; };
		072C28731D6D6B6E00EAFFAC /* LoginTableViewCell.m in Sources */ = {isa = PBXBuildFile; fileRef = 072C28721D6D6B6E00EAFFAC /* LoginTableViewCell.m */; };
		072C28751D6D6B9100EAFFAC /* LoginTableViewCell.xib in Resources */ = {isa = PBXBuildFile; fileRef = 072C28741D6D6B9100EAFFAC /* LoginTableViewCell.xib */; };
		072C28781D6D789100EAFFAC /* UIScrollView+TouchEvent.m in Sources */ = {isa = PBXBuildFile; fileRef = 072C28771D6D789100EAFFAC /* UIScrollView+TouchEvent.m */; };
		072C287B1D6D851700EAFFAC /* MainTabBarController.m in Sources */ = {isa = PBXBuildFile; fileRef = 072C287A1D6D851700EAFFAC /* MainTabBarController.m */; };
		072C28841D6D900100EAFFAC /* HomepageViewController.m in Sources */ = {isa = PBXBuildFile; fileRef = 072C28831D6D900100EAFFAC /* HomepageViewController.m */; };
		072C28871D6D901200EAFFAC /* WaittingHandViewController.m in Sources */ = {isa = PBXBuildFile; fileRef = 072C28861D6D901200EAFFAC /* WaittingHandViewController.m */; };
		072C288D1D6D902800EAFFAC /* MessageViewController.m in Sources */ = {isa = PBXBuildFile; fileRef = 072C288C1D6D902800EAFFAC /* MessageViewController.m */; };
		072C28901D6D903700EAFFAC /* MyViewController.m in Sources */ = {isa = PBXBuildFile; fileRef = 072C288F1D6D903700EAFFAC /* MyViewController.m */; };
		0734DF7C1DA32C8A0058B1A3 /* MyFriendViewController.m in Sources */ = {isa = PBXBuildFile; fileRef = 0734DF7B1DA32C8A0058B1A3 /* MyFriendViewController.m */; };
		0734DFC41DA4A3B90058B1A3 /* ErrorViewController.m in Sources */ = {isa = PBXBuildFile; fileRef = 0734DFC31DA4A3B90058B1A3 /* ErrorViewController.m */; };
		073A54D11D73DC090013DB67 /* NewInfoImageView.m in Sources */ = {isa = PBXBuildFile; fileRef = 073A54D01D73DC090013DB67 /* NewInfoImageView.m */; };
		073A54D41D73E0600013DB67 /* NewsinfoDetailsViewController.m in Sources */ = {isa = PBXBuildFile; fileRef = 073A54D31D73E0600013DB67 /* NewsinfoDetailsViewController.m */; };
		073A54D71D7404700013DB67 /* ExtendappViewController.m in Sources */ = {isa = PBXBuildFile; fileRef = 073A54D61D7404700013DB67 /* ExtendappViewController.m */; };
		073A54DB1D7414800013DB67 /* ExtendappCell.m in Sources */ = {isa = PBXBuildFile; fileRef = 073A54D91D7414800013DB67 /* ExtendappCell.m */; };
		075C4A951D8B889D0028EF84 /* UIViewController+viewControllerHelp.m in Sources */ = {isa = PBXBuildFile; fileRef = 075C4A941D8B889D0028EF84 /* UIViewController+viewControllerHelp.m */; };
		075C4A981D8B89180028EF84 /* UserinfoViewController.m in Sources */ = {isa = PBXBuildFile; fileRef = 075C4A971D8B89180028EF84 /* UserinfoViewController.m */; };
		075C4A9B1D8B892B0028EF84 /* ChangePasswordViewController.m in Sources */ = {isa = PBXBuildFile; fileRef = 075C4A9A1D8B892B0028EF84 /* ChangePasswordViewController.m */; };
		0766ECD31D85866B00D884F5 /* HelpViewController.m in Sources */ = {isa = PBXBuildFile; fileRef = 0766ECD21D85866B00D884F5 /* HelpViewController.m */; };
		0766ECE41D85978700D884F5 /* scan@2x.png in Resources */ = {isa = PBXBuildFile; fileRef = 0766ECDE1D85978700D884F5 /* scan@2x.png */; };
		0766ECE51D85978700D884F5 /* scan@3x.png in Resources */ = {isa = PBXBuildFile; fileRef = 0766ECDF1D85978700D884F5 /* scan@3x.png */; };
		0766ECE61D85978700D884F5 /* scan_1@2x.png in Resources */ = {isa = PBXBuildFile; fileRef = 0766ECE01D85978700D884F5 /* scan_1@2x.png */; };
		0766ECE71D85978700D884F5 /* scan_1@3x.png in Resources */ = {isa = PBXBuildFile; fileRef = 0766ECE11D85978700D884F5 /* scan_1@3x.png */; };
		0766ECE81D85978700D884F5 /* ZHScanView.m in Sources */ = {isa = PBXBuildFile; fileRef = 0766ECE31D85978700D884F5 /* ZHScanView.m */; };
		0766ECEB1D8597CC00D884F5 /* ScanViewController.m in Sources */ = {isa = PBXBuildFile; fileRef = 0766ECEA1D8597CC00D884F5 /* ScanViewController.m */; };
		0766ECEE1D85997800D884F5 /* ScanWebViewController.m in Sources */ = {isa = PBXBuildFile; fileRef = 0766ECED1D85997800D884F5 /* ScanWebViewController.m */; };
		0782BCD61D9681ED0077B4D2 /* CoreDataDemo.xcdatamodeld in Sources */ = {isa = PBXBuildFile; fileRef = 0782BCD41D9681ED0077B4D2 /* CoreDataDemo.xcdatamodeld */; };
		07AA7A471D7D1DF300ED80D1 /* MailDetailsViewController.m in Sources */ = {isa = PBXBuildFile; fileRef = 07AA7A461D7D1DF300ED80D1 /* MailDetailsViewController.m */; };
		07B44B831D76DA860023214C /* ApplyModel.m in Sources */ = {isa = PBXBuildFile; fileRef = 07B44B821D76DA860023214C /* ApplyModel.m */; };
		07B44B861D76DE2B0023214C /* LZPopOverMenu.m in Sources */ = {isa = PBXBuildFile; fileRef = 07B44B851D76DE2B0023214C /* LZPopOverMenu.m */; };
		07B44B891D77B94B0023214C /* FastApplyViewController.m in Sources */ = {isa = PBXBuildFile; fileRef = 07B44B881D77B94B0023214C /* FastApplyViewController.m */; };
		07B44B8D1D77D33C0023214C /* MailListTableViewCell.m in Sources */ = {isa = PBXBuildFile; fileRef = 07B44B8B1D77D33C0023214C /* MailListTableViewCell.m */; };
		07B44B8E1D77D33C0023214C /* MailListTableViewCell.xib in Resources */ = {isa = PBXBuildFile; fileRef = 07B44B8C1D77D33C0023214C /* MailListTableViewCell.xib */; };
		07B44B911D7806660023214C /* MailListTableViewHeadView.m in Sources */ = {isa = PBXBuildFile; fileRef = 07B44B901D7806660023214C /* MailListTableViewHeadView.m */; };
		07B44B931D7807040023214C /* MailListTableViewHeadView.xib in Resources */ = {isa = PBXBuildFile; fileRef = 07B44B921D7807040023214C /* MailListTableViewHeadView.xib */; };
		07B44B961D7815920023214C /* MailListClassViewController.m in Sources */ = {isa = PBXBuildFile; fileRef = 07B44B951D7815920023214C /* MailListClassViewController.m */; };
		07B44B991D7951AB0023214C /* PersionModel.m in Sources */ = {isa = PBXBuildFile; fileRef = 07B44B981D7951AB0023214C /* PersionModel.m */; };
		07B90A3B1DA889FB00B759BA /* GDataXMLNode.m in Sources */ = {isa = PBXBuildFile; fileRef = 07B90A3A1DA889FB00B759BA /* GDataXMLNode.m */; settings = {COMPILER_FLAGS = "-fno-objc-arc"; }; };
		07B90A3E1DA8946A00B759BA /* UIImage+Compression.m in Sources */ = {isa = PBXBuildFile; fileRef = 07B90A3D1DA8946A00B759BA /* UIImage+Compression.m */; };
		07B90A411DA8D06400B759BA /* DataIndexViewController.m in Sources */ = {isa = PBXBuildFile; fileRef = 07B90A401DA8D06300B759BA /* DataIndexViewController.m */; };
		07B90A441DA8D6F400B759BA /* NSString+FormatConvert.m in Sources */ = {isa = PBXBuildFile; fileRef = 07B90A431DA8D6F400B759BA /* NSString+FormatConvert.m */; };
		07EE15381D748C2B00E5CE91 /* AppurikindTableViewCell.m in Sources */ = {isa = PBXBuildFile; fileRef = 07EE15361D748C2B00E5CE91 /* AppurikindTableViewCell.m */; };
		07EE15391D748C2B00E5CE91 /* AppurikindTableViewCell.xib in Resources */ = {isa = PBXBuildFile; fileRef = 07EE15371D748C2B00E5CE91 /* AppurikindTableViewCell.xib */; };
		07EE15471D75DB8800E5CE91 /* ApplyViewController.m in Sources */ = {isa = PBXBuildFile; fileRef = 07EE15461D75DB8800E5CE91 /* ApplyViewController.m */; };
		07EE15541D7677F300E5CE91 /* ExtendappDetailViewController.m in Sources */ = {isa = PBXBuildFile; fileRef = 07EE15531D7677F300E5CE91 /* ExtendappDetailViewController.m */; };
		07EE155A1D76B8AF00E5CE91 /* MailListViewController.m in Sources */ = {isa = PBXBuildFile; fileRef = 07EE15591D76B8AF00E5CE91 /* MailListViewController.m */; };
		07F7C73D1D80FFF600A860EA /* DataIndexModel.m in Sources */ = {isa = PBXBuildFile; fileRef = 07F7C73C1D80FFF600A860EA /* DataIndexModel.m */; };
		07F7C7401D812E9000A860EA /* WFListModel.m in Sources */ = {isa = PBXBuildFile; fileRef = 07F7C73F1D812E9000A860EA /* WFListModel.m */; };
		07FFA6F51D6EDADB00A40454 /* Network.m in Sources */ = {isa = PBXBuildFile; fileRef = 07FFA6F41D6EDADB00A40454 /* Network.m */; };
		7D5B178C81F2F482EE8AB5E4 /* Pods_lingke.framework in Frameworks */ = {isa = PBXBuildFile; fileRef = DABC1DE342ED79682D8CD2E6 /* Pods_lingke.framework */; };
/* End PBXBuildFile section */

/* Begin PBXContainerItemProxy section */
		070C16441D693CF800738BC7 /* PBXContainerItemProxy */ = {
			isa = PBXContainerItemProxy;
			containerPortal = 070C16221D693CF800738BC7 /* Project object */;
			proxyType = 1;
			remoteGlobalIDString = 070C16291D693CF800738BC7;
			remoteInfo = lingke;
		};
		070C164F1D693CF800738BC7 /* PBXContainerItemProxy */ = {
			isa = PBXContainerItemProxy;
			containerPortal = 070C16221D693CF800738BC7 /* Project object */;
			proxyType = 1;
			remoteGlobalIDString = 070C16291D693CF800738BC7;
			remoteInfo = lingke;
		};
/* End PBXContainerItemProxy section */

/* Begin PBXFileReference section */
		070C162A1D693CF800738BC7 /* lingke.app */ = {isa = PBXFileReference; explicitFileType = wrapper.application; includeInIndex = 0; path = lingke.app; sourceTree = BUILT_PRODUCTS_DIR; };
		070C162E1D693CF800738BC7 /* main.m */ = {isa = PBXFileReference; lastKnownFileType = sourcecode.c.objc; path = main.m; sourceTree = "<group>"; };
		070C16301D693CF800738BC7 /* AppDelegate.h */ = {isa = PBXFileReference; lastKnownFileType = sourcecode.c.h; path = AppDelegate.h; sourceTree = "<group>"; };
		070C16311D693CF800738BC7 /* AppDelegate.m */ = {isa = PBXFileReference; lastKnownFileType = sourcecode.c.objc; path = AppDelegate.m; sourceTree = "<group>"; };
		070C16331D693CF800738BC7 /* ViewController.h */ = {isa = PBXFileReference; lastKnownFileType = sourcecode.c.h; path = ViewController.h; sourceTree = "<group>"; };
		070C16341D693CF800738BC7 /* ViewController.m */ = {isa = PBXFileReference; lastKnownFileType = sourcecode.c.objc; path = ViewController.m; sourceTree = "<group>"; };
		070C16371D693CF800738BC7 /* Base */ = {isa = PBXFileReference; lastKnownFileType = file.storyboard; name = Base; path = Base.lproj/Main.storyboard; sourceTree = "<group>"; };
		070C16391D693CF800738BC7 /* Assets.xcassets */ = {isa = PBXFileReference; lastKnownFileType = folder.assetcatalog; path = Assets.xcassets; sourceTree = "<group>"; };
		070C163C1D693CF800738BC7 /* Base */ = {isa = PBXFileReference; lastKnownFileType = file.storyboard; name = Base; path = Base.lproj/LaunchScreen.storyboard; sourceTree = "<group>"; };
		070C163E1D693CF800738BC7 /* Info.plist */ = {isa = PBXFileReference; lastKnownFileType = text.plist.xml; path = Info.plist; sourceTree = "<group>"; };
		070C16431D693CF800738BC7 /* lingkeTests.xctest */ = {isa = PBXFileReference; explicitFileType = wrapper.cfbundle; includeInIndex = 0; path = lingkeTests.xctest; sourceTree = BUILT_PRODUCTS_DIR; };
		070C16471D693CF800738BC7 /* lingkeTests.m */ = {isa = PBXFileReference; lastKnownFileType = sourcecode.c.objc; path = lingkeTests.m; sourceTree = "<group>"; };
		070C16491D693CF800738BC7 /* Info.plist */ = {isa = PBXFileReference; lastKnownFileType = text.plist.xml; path = Info.plist; sourceTree = "<group>"; };
		070C164E1D693CF800738BC7 /* lingkeUITests.xctest */ = {isa = PBXFileReference; explicitFileType = wrapper.cfbundle; includeInIndex = 0; path = lingkeUITests.xctest; sourceTree = BUILT_PRODUCTS_DIR; };
		070C16521D693CF800738BC7 /* lingkeUITests.m */ = {isa = PBXFileReference; lastKnownFileType = sourcecode.c.objc; path = lingkeUITests.m; sourceTree = "<group>"; };
		070C16541D693CF800738BC7 /* Info.plist */ = {isa = PBXFileReference; lastKnownFileType = text.plist.xml; path = Info.plist; sourceTree = "<group>"; };
		070C16621D69443000738BC7 /* ConfigureColor.h */ = {isa = PBXFileReference; fileEncoding = 4; lastKnownFileType = sourcecode.c.h; path = ConfigureColor.h; sourceTree = "<group>"; };
		070C16631D69443000738BC7 /* ConfigureColor.m */ = {isa = PBXFileReference; fileEncoding = 4; lastKnownFileType = sourcecode.c.objc; path = ConfigureColor.m; sourceTree = "<group>"; };
		070C16651D6949FF00738BC7 /* lingke.pch */ = {isa = PBXFileReference; lastKnownFileType = sourcecode.c.h; name = lingke.pch; path = lingke/lingke.pch; sourceTree = "<group>"; };
		070C16EB1D6C18F500738BC7 /* HttpsRequestManger.h */ = {isa = PBXFileReference; fileEncoding = 4; lastKnownFileType = sourcecode.c.h; name = HttpsRequestManger.h; path = lingke/HttpsRequestManger.h; sourceTree = "<group>"; };
		070C16EC1D6C18F500738BC7 /* HttpsRequestManger.m */ = {isa = PBXFileReference; fileEncoding = 4; lastKnownFileType = sourcecode.c.objc; name = HttpsRequestManger.m; path = lingke/HttpsRequestManger.m; sourceTree = "<group>"; };
		070C16F61D6C338D00738BC7 /* libxml2.tbd */ = {isa = PBXFileReference; lastKnownFileType = "sourcecode.text-based-dylib-definition"; name = libxml2.tbd; path = usr/lib/libxml2.tbd; sourceTree = SDKROOT; };
		070C16F91D6C4C0300738BC7 /* TutorialsModel.h */ = {isa = PBXFileReference; fileEncoding = 4; lastKnownFileType = sourcecode.c.h; name = TutorialsModel.h; path = lingke/Model/TutorialsModel.h; sourceTree = "<group>"; };
		070C16FA1D6C4C0300738BC7 /* TutorialsModel.m */ = {isa = PBXFileReference; fileEncoding = 4; lastKnownFileType = sourcecode.c.objc; name = TutorialsModel.m; path = lingke/Model/TutorialsModel.m; sourceTree = "<group>"; };
		070C1A6B1D7EA34100D6E726 /* HomeFunctionModel.h */ = {isa = PBXFileReference; fileEncoding = 4; lastKnownFileType = sourcecode.c.h; name = HomeFunctionModel.h; path = lingke/Model/HomeFunctionModel.h; sourceTree = "<group>"; };
		070C1A6C1D7EA34100D6E726 /* HomeFunctionModel.m */ = {isa = PBXFileReference; fileEncoding = 4; lastKnownFileType = sourcecode.c.objc; name = HomeFunctionModel.m; path = lingke/Model/HomeFunctionModel.m; sourceTree = "<group>"; };
		070C1A6F1D7EC28300D6E726 /* MenusView.h */ = {isa = PBXFileReference; fileEncoding = 4; lastKnownFileType = sourcecode.c.h; name = MenusView.h; path = lingke/CustomView/MenusView.h; sourceTree = "<group>"; };
		070C1A701D7EC28300D6E726 /* MenusView.m */ = {isa = PBXFileReference; fileEncoding = 4; lastKnownFileType = sourcecode.c.objc; name = MenusView.m; path = lingke/CustomView/MenusView.m; sourceTree = "<group>"; };
		070C1A721D80008100D6E726 /* MessageModel.h */ = {isa = PBXFileReference; fileEncoding = 4; lastKnownFileType = sourcecode.c.h; name = MessageModel.h; path = lingke/Model/MessageModel.h; sourceTree = "<group>"; };
		070C1A731D80008100D6E726 /* MessageModel.m */ = {isa = PBXFileReference; fileEncoding = 4; lastKnownFileType = sourcecode.c.objc; name = MessageModel.m; path = lingke/Model/MessageModel.m; sourceTree = "<group>"; };
		070C1A751D800CEA00D6E726 /* MessageTableViewCell.h */ = {isa = PBXFileReference; fileEncoding = 4; lastKnownFileType = sourcecode.c.h; path = MessageTableViewCell.h; sourceTree = "<group>"; };
		070C1A761D800CEA00D6E726 /* MessageTableViewCell.m */ = {isa = PBXFileReference; fileEncoding = 4; lastKnownFileType = sourcecode.c.objc; path = MessageTableViewCell.m; sourceTree = "<group>"; };
		070C1A781D8015A200D6E726 /* MessageDetailsViewController.h */ = {isa = PBXFileReference; fileEncoding = 4; lastKnownFileType = sourcecode.c.h; path = MessageDetailsViewController.h; sourceTree = "<group>"; };
		070C1A791D8015A200D6E726 /* MessageDetailsViewController.m */ = {isa = PBXFileReference; fileEncoding = 4; lastKnownFileType = sourcecode.c.objc; path = MessageDetailsViewController.m; sourceTree = "<group>"; };
		0721906A1D6F2B3400EA832B /* HttpInterface.h */ = {isa = PBXFileReference; lastKnownFileType = sourcecode.c.h; name = HttpInterface.h; path = lingke/HttpInterface.h; sourceTree = "<group>"; };
		072190701D7290BA00EA832B /* XMLDictionary.h */ = {isa = PBXFileReference; fileEncoding = 4; lastKnownFileType = sourcecode.c.h; name = XMLDictionary.h; path = lingke/XMLDictionary.h; sourceTree = "<group>"; };
		072190711D7290BA00EA832B /* XMLDictionary.m */ = {isa = PBXFileReference; fileEncoding = 4; lastKnownFileType = sourcecode.c.objc; name = XMLDictionary.m; path = lingke/XMLDictionary.m; sourceTree = "<group>"; };
		072190731D72972100EA832B /* HomeappModel.h */ = {isa = PBXFileReference; fileEncoding = 4; lastKnownFileType = sourcecode.c.h; name = HomeappModel.h; path = lingke/Model/HomeappModel.h; sourceTree = "<group>"; };
		072190741D72972100EA832B /* HomeappModel.m */ = {isa = PBXFileReference; fileEncoding = 4; lastKnownFileType = sourcecode.c.objc; name = HomeappModel.m; path = lingke/Model/HomeappModel.m; sourceTree = "<group>"; };
		072190761D72CB0D00EA832B /* NewsInfoModel.h */ = {isa = PBXFileReference; fileEncoding = 4; lastKnownFileType = sourcecode.c.h; name = NewsInfoModel.h; path = lingke/Model/NewsInfoModel.h; sourceTree = "<group>"; };
		072190771D72CB0D00EA832B /* NewsInfoModel.m */ = {isa = PBXFileReference; fileEncoding = 4; lastKnownFileType = sourcecode.c.objc; name = NewsInfoModel.m; path = lingke/Model/NewsInfoModel.m; sourceTree = "<group>"; };
		072190791D72CF7300EA832B /* HomepageCell.h */ = {isa = PBXFileReference; fileEncoding = 4; lastKnownFileType = sourcecode.c.h; path = HomepageCell.h; sourceTree = "<group>"; };
		0721907A1D72CF7300EA832B /* HomepageCell.m */ = {isa = PBXFileReference; fileEncoding = 4; lastKnownFileType = sourcecode.c.objc; path = HomepageCell.m; sourceTree = "<group>"; };
		0721907C1D72CF8000EA832B /* HomepageCell.xib */ = {isa = PBXFileReference; fileEncoding = 4; lastKnownFileType = file.xib; path = HomepageCell.xib; sourceTree = "<group>"; };
		0721907E1D72D18500EA832B /* HomepageCollectionViewCell.h */ = {isa = PBXFileReference; fileEncoding = 4; lastKnownFileType = sourcecode.c.h; path = HomepageCollectionViewCell.h; sourceTree = "<group>"; };
		0721907F1D72D18500EA832B /* HomepageCollectionViewCell.m */ = {isa = PBXFileReference; fileEncoding = 4; lastKnownFileType = sourcecode.c.objc; path = HomepageCollectionViewCell.m; sourceTree = "<group>"; };
		072190801D72D18500EA832B /* HomepageCollectionViewCell.xib */ = {isa = PBXFileReference; fileEncoding = 4; lastKnownFileType = file.xib; path = HomepageCollectionViewCell.xib; sourceTree = "<group>"; };
		072190831D73158600EA832B /* ExtendappModel.h */ = {isa = PBXFileReference; fileEncoding = 4; lastKnownFileType = sourcecode.c.h; name = ExtendappModel.h; path = lingke/Model/ExtendappModel.h; sourceTree = "<group>"; };
		072190841D73158600EA832B /* ExtendappModel.m */ = {isa = PBXFileReference; fileEncoding = 4; lastKnownFileType = sourcecode.c.objc; name = ExtendappModel.m; path = lingke/Model/ExtendappModel.m; sourceTree = "<group>"; };
		072AAFC21D96871F0045F7DD /* Persion+CoreDataProperties.h */ = {isa = PBXFileReference; fileEncoding = 4; lastKnownFileType = sourcecode.c.h; name = "Persion+CoreDataProperties.h"; path = "lingke/Persion+CoreDataProperties.h"; sourceTree = "<group>"; };
		072AAFC31D96871F0045F7DD /* Persion+CoreDataProperties.m */ = {isa = PBXFileReference; fileEncoding = 4; lastKnownFileType = sourcecode.c.objc; name = "Persion+CoreDataProperties.m"; path = "lingke/Persion+CoreDataProperties.m"; sourceTree = "<group>"; };
		072AAFC41D96871F0045F7DD /* Persion.h */ = {isa = PBXFileReference; fileEncoding = 4; lastKnownFileType = sourcecode.c.h; name = Persion.h; path = lingke/Persion.h; sourceTree = "<group>"; };
		072AAFC51D96871F0045F7DD /* Persion.m */ = {isa = PBXFileReference; fileEncoding = 4; lastKnownFileType = sourcecode.c.objc; name = Persion.m; path = lingke/Persion.m; sourceTree = "<group>"; };
		072C285F1D6C874200EAFFAC /* LocalData.h */ = {isa = PBXFileReference; fileEncoding = 4; lastKnownFileType = sourcecode.c.h; name = LocalData.h; path = lingke/LocalData.h; sourceTree = "<group>"; };
		072C28601D6C874200EAFFAC /* LocalData.m */ = {isa = PBXFileReference; fileEncoding = 4; lastKnownFileType = sourcecode.c.objc; name = LocalData.m; path = lingke/LocalData.m; sourceTree = "<group>"; };
		072C28621D6C9A2200EAFFAC /* BasicViewController.h */ = {isa = PBXFileReference; fileEncoding = 4; lastKnownFileType = sourcecode.c.h; path = BasicViewController.h; sourceTree = "<group>"; };
		072C28631D6C9A2200EAFFAC /* BasicViewController.m */ = {isa = PBXFileReference; fileEncoding = 4; lastKnownFileType = sourcecode.c.objc; path = BasicViewController.m; sourceTree = "<group>"; };
		072C28651D6C9A4700EAFFAC /* TutorialsViewController.h */ = {isa = PBXFileReference; fileEncoding = 4; lastKnownFileType = sourcecode.c.h; path = TutorialsViewController.h; sourceTree = "<group>"; };
		072C28661D6C9A4700EAFFAC /* TutorialsViewController.m */ = {isa = PBXFileReference; fileEncoding = 4; lastKnownFileType = sourcecode.c.objc; path = TutorialsViewController.m; sourceTree = "<group>"; };
		072C28681D6C9A5600EAFFAC /* LoginViewController.h */ = {isa = PBXFileReference; fileEncoding = 4; lastKnownFileType = sourcecode.c.h; path = LoginViewController.h; sourceTree = "<group>"; };
		072C28691D6C9A5600EAFFAC /* LoginViewController.m */ = {isa = PBXFileReference; fileEncoding = 4; lastKnownFileType = sourcecode.c.objc; path = LoginViewController.m; sourceTree = "<group>"; };
		072C286E1D6D689000EAFFAC /* BasicTableViewController.h */ = {isa = PBXFileReference; fileEncoding = 4; lastKnownFileType = sourcecode.c.h; path = BasicTableViewController.h; sourceTree = "<group>"; };
		072C286F1D6D689000EAFFAC /* BasicTableViewController.m */ = {isa = PBXFileReference; fileEncoding = 4; lastKnownFileType = sourcecode.c.objc; path = BasicTableViewController.m; sourceTree = "<group>"; };
		072C28711D6D6B6E00EAFFAC /* LoginTableViewCell.h */ = {isa = PBXFileReference; fileEncoding = 4; lastKnownFileType = sourcecode.c.h; path = LoginTableViewCell.h; sourceTree = "<group>"; };
		072C28721D6D6B6E00EAFFAC /* LoginTableViewCell.m */ = {isa = PBXFileReference; fileEncoding = 4; lastKnownFileType = sourcecode.c.objc; path = LoginTableViewCell.m; sourceTree = "<group>"; };
		072C28741D6D6B9100EAFFAC /* LoginTableViewCell.xib */ = {isa = PBXFileReference; fileEncoding = 4; lastKnownFileType = file.xib; path = LoginTableViewCell.xib; sourceTree = "<group>"; };
		072C28761D6D789100EAFFAC /* UIScrollView+TouchEvent.h */ = {isa = PBXFileReference; fileEncoding = 4; lastKnownFileType = sourcecode.c.h; name = "UIScrollView+TouchEvent.h"; path = "lingke/UIScrollView+TouchEvent.h"; sourceTree = "<group>"; };
		072C28771D6D789100EAFFAC /* UIScrollView+TouchEvent.m */ = {isa = PBXFileReference; fileEncoding = 4; lastKnownFileType = sourcecode.c.objc; name = "UIScrollView+TouchEvent.m"; path = "lingke/UIScrollView+TouchEvent.m"; sourceTree = "<group>"; };
		072C28791D6D851700EAFFAC /* MainTabBarController.h */ = {isa = PBXFileReference; fileEncoding = 4; lastKnownFileType = sourcecode.c.h; path = MainTabBarController.h; sourceTree = "<group>"; };
		072C287A1D6D851700EAFFAC /* MainTabBarController.m */ = {isa = PBXFileReference; fileEncoding = 4; lastKnownFileType = sourcecode.c.objc; path = MainTabBarController.m; sourceTree = "<group>"; };
		072C28821D6D900100EAFFAC /* HomepageViewController.h */ = {isa = PBXFileReference; fileEncoding = 4; lastKnownFileType = sourcecode.c.h; path = HomepageViewController.h; sourceTree = "<group>"; };
		072C28831D6D900100EAFFAC /* HomepageViewController.m */ = {isa = PBXFileReference; fileEncoding = 4; lastKnownFileType = sourcecode.c.objc; path = HomepageViewController.m; sourceTree = "<group>"; };
		072C28851D6D901200EAFFAC /* WaittingHandViewController.h */ = {isa = PBXFileReference; fileEncoding = 4; lastKnownFileType = sourcecode.c.h; path = WaittingHandViewController.h; sourceTree = "<group>"; };
		072C28861D6D901200EAFFAC /* WaittingHandViewController.m */ = {isa = PBXFileReference; fileEncoding = 4; lastKnownFileType = sourcecode.c.objc; path = WaittingHandViewController.m; sourceTree = "<group>"; };
		072C288B1D6D902800EAFFAC /* MessageViewController.h */ = {isa = PBXFileReference; fileEncoding = 4; lastKnownFileType = sourcecode.c.h; path = MessageViewController.h; sourceTree = "<group>"; };
		072C288C1D6D902800EAFFAC /* MessageViewController.m */ = {isa = PBXFileReference; fileEncoding = 4; lastKnownFileType = sourcecode.c.objc; path = MessageViewController.m; sourceTree = "<group>"; };
		072C288E1D6D903700EAFFAC /* MyViewController.h */ = {isa = PBXFileReference; fileEncoding = 4; lastKnownFileType = sourcecode.c.h; path = MyViewController.h; sourceTree = "<group>"; };
		072C288F1D6D903700EAFFAC /* MyViewController.m */ = {isa = PBXFileReference; fileEncoding = 4; lastKnownFileType = sourcecode.c.objc; path = MyViewController.m; sourceTree = "<group>"; };
		0734DF7A1DA32C8A0058B1A3 /* MyFriendViewController.h */ = {isa = PBXFileReference; fileEncoding = 4; lastKnownFileType = sourcecode.c.h; path = MyFriendViewController.h; sourceTree = "<group>"; };
		0734DF7B1DA32C8A0058B1A3 /* MyFriendViewController.m */ = {isa = PBXFileReference; fileEncoding = 4; lastKnownFileType = sourcecode.c.objc; path = MyFriendViewController.m; sourceTree = "<group>"; };
		0734DFC21DA4A3B90058B1A3 /* ErrorViewController.h */ = {isa = PBXFileReference; fileEncoding = 4; lastKnownFileType = sourcecode.c.h; path = ErrorViewController.h; sourceTree = "<group>"; };
		0734DFC31DA4A3B90058B1A3 /* ErrorViewController.m */ = {isa = PBXFileReference; fileEncoding = 4; lastKnownFileType = sourcecode.c.objc; path = ErrorViewController.m; sourceTree = "<group>"; };
		073A54CF1D73DC090013DB67 /* NewInfoImageView.h */ = {isa = PBXFileReference; fileEncoding = 4; lastKnownFileType = sourcecode.c.h; path = NewInfoImageView.h; sourceTree = "<group>"; };
		073A54D01D73DC090013DB67 /* NewInfoImageView.m */ = {isa = PBXFileReference; fileEncoding = 4; lastKnownFileType = sourcecode.c.objc; path = NewInfoImageView.m; sourceTree = "<group>"; };
		073A54D21D73E0600013DB67 /* NewsinfoDetailsViewController.h */ = {isa = PBXFileReference; fileEncoding = 4; lastKnownFileType = sourcecode.c.h; path = NewsinfoDetailsViewController.h; sourceTree = "<group>"; };
		073A54D31D73E0600013DB67 /* NewsinfoDetailsViewController.m */ = {isa = PBXFileReference; fileEncoding = 4; lastKnownFileType = sourcecode.c.objc; path = NewsinfoDetailsViewController.m; sourceTree = "<group>"; };
		073A54D51D7404700013DB67 /* ExtendappViewController.h */ = {isa = PBXFileReference; fileEncoding = 4; lastKnownFileType = sourcecode.c.h; path = ExtendappViewController.h; sourceTree = "<group>"; };
		073A54D61D7404700013DB67 /* ExtendappViewController.m */ = {isa = PBXFileReference; fileEncoding = 4; lastKnownFileType = sourcecode.c.objc; path = ExtendappViewController.m; sourceTree = "<group>"; };
		073A54D81D7414800013DB67 /* ExtendappCell.h */ = {isa = PBXFileReference; fileEncoding = 4; lastKnownFileType = sourcecode.c.h; path = ExtendappCell.h; sourceTree = "<group>"; };
		073A54D91D7414800013DB67 /* ExtendappCell.m */ = {isa = PBXFileReference; fileEncoding = 4; lastKnownFileType = sourcecode.c.objc; path = ExtendappCell.m; sourceTree = "<group>"; };
		075C4A931D8B889D0028EF84 /* UIViewController+viewControllerHelp.h */ = {isa = PBXFileReference; fileEncoding = 4; lastKnownFileType = sourcecode.c.h; path = "UIViewController+viewControllerHelp.h"; sourceTree = "<group>"; };
		075C4A941D8B889D0028EF84 /* UIViewController+viewControllerHelp.m */ = {isa = PBXFileReference; fileEncoding = 4; lastKnownFileType = sourcecode.c.objc; path = "UIViewController+viewControllerHelp.m"; sourceTree = "<group>"; };
		075C4A961D8B89180028EF84 /* UserinfoViewController.h */ = {isa = PBXFileReference; fileEncoding = 4; lastKnownFileType = sourcecode.c.h; path = UserinfoViewController.h; sourceTree = "<group>"; };
		075C4A971D8B89180028EF84 /* UserinfoViewController.m */ = {isa = PBXFileReference; fileEncoding = 4; lastKnownFileType = sourcecode.c.objc; path = UserinfoViewController.m; sourceTree = "<group>"; };
		075C4A991D8B892B0028EF84 /* ChangePasswordViewController.h */ = {isa = PBXFileReference; fileEncoding = 4; lastKnownFileType = sourcecode.c.h; path = ChangePasswordViewController.h; sourceTree = "<group>"; };
		075C4A9A1D8B892B0028EF84 /* ChangePasswordViewController.m */ = {isa = PBXFileReference; fileEncoding = 4; lastKnownFileType = sourcecode.c.objc; path = ChangePasswordViewController.m; sourceTree = "<group>"; };
		0766ECD11D85866B00D884F5 /* HelpViewController.h */ = {isa = PBXFileReference; fileEncoding = 4; lastKnownFileType = sourcecode.c.h; path = HelpViewController.h; sourceTree = "<group>"; };
		0766ECD21D85866B00D884F5 /* HelpViewController.m */ = {isa = PBXFileReference; fileEncoding = 4; lastKnownFileType = sourcecode.c.objc; path = HelpViewController.m; sourceTree = "<group>"; };
		0766ECDE1D85978700D884F5 /* scan@2x.png */ = {isa = PBXFileReference; lastKnownFileType = image.png; path = "scan@2x.png"; sourceTree = "<group>"; };
		0766ECDF1D85978700D884F5 /* scan@3x.png */ = {isa = PBXFileReference; lastKnownFileType = image.png; path = "scan@3x.png"; sourceTree = "<group>"; };
		0766ECE01D85978700D884F5 /* scan_1@2x.png */ = {isa = PBXFileReference; lastKnownFileType = image.png; path = "scan_1@2x.png"; sourceTree = "<group>"; };
		0766ECE11D85978700D884F5 /* scan_1@3x.png */ = {isa = PBXFileReference; lastKnownFileType = image.png; path = "scan_1@3x.png"; sourceTree = "<group>"; };
		0766ECE21D85978700D884F5 /* ZHScanView.h */ = {isa = PBXFileReference; fileEncoding = 4; lastKnownFileType = sourcecode.c.h; path = ZHScanView.h; sourceTree = "<group>"; };
		0766ECE31D85978700D884F5 /* ZHScanView.m */ = {isa = PBXFileReference; fileEncoding = 4; lastKnownFileType = sourcecode.c.objc; path = ZHScanView.m; sourceTree = "<group>"; };
		0766ECE91D8597CC00D884F5 /* ScanViewController.h */ = {isa = PBXFileReference; fileEncoding = 4; lastKnownFileType = sourcecode.c.h; name = ScanViewController.h; path = lingke/ScanViewController.h; sourceTree = SOURCE_ROOT; };
		0766ECEA1D8597CC00D884F5 /* ScanViewController.m */ = {isa = PBXFileReference; fileEncoding = 4; lastKnownFileType = sourcecode.c.objc; name = ScanViewController.m; path = lingke/ScanViewController.m; sourceTree = SOURCE_ROOT; };
		0766ECEC1D85997800D884F5 /* ScanWebViewController.h */ = {isa = PBXFileReference; fileEncoding = 4; lastKnownFileType = sourcecode.c.h; name = ScanWebViewController.h; path = lingke/ScanWebViewController.h; sourceTree = SOURCE_ROOT; };
		0766ECED1D85997800D884F5 /* ScanWebViewController.m */ = {isa = PBXFileReference; fileEncoding = 4; lastKnownFileType = sourcecode.c.objc; name = ScanWebViewController.m; path = lingke/ScanWebViewController.m; sourceTree = SOURCE_ROOT; };
		0782BCD51D9681ED0077B4D2 /* CoreDataDemo.xcdatamodel */ = {isa = PBXFileReference; lastKnownFileType = wrapper.xcdatamodel; path = CoreDataDemo.xcdatamodel; sourceTree = "<group>"; };
		07AA7A451D7D1DF300ED80D1 /* MailDetailsViewController.h */ = {isa = PBXFileReference; fileEncoding = 4; lastKnownFileType = sourcecode.c.h; path = MailDetailsViewController.h; sourceTree = "<group>"; };
		07AA7A461D7D1DF300ED80D1 /* MailDetailsViewController.m */ = {isa = PBXFileReference; fileEncoding = 4; lastKnownFileType = sourcecode.c.objc; path = MailDetailsViewController.m; sourceTree = "<group>"; };
		07B44B811D76DA860023214C /* ApplyModel.h */ = {isa = PBXFileReference; fileEncoding = 4; lastKnownFileType = sourcecode.c.h; name = ApplyModel.h; path = lingke/Model/ApplyModel.h; sourceTree = "<group>"; };
		07B44B821D76DA860023214C /* ApplyModel.m */ = {isa = PBXFileReference; fileEncoding = 4; lastKnownFileType = sourcecode.c.objc; name = ApplyModel.m; path = lingke/Model/ApplyModel.m; sourceTree = "<group>"; };
		07B44B841D76DE2B0023214C /* LZPopOverMenu.h */ = {isa = PBXFileReference; fileEncoding = 4; lastKnownFileType = sourcecode.c.h; name = LZPopOverMenu.h; path = lingke/LZPopOverMenu.h; sourceTree = "<group>"; };
		07B44B851D76DE2B0023214C /* LZPopOverMenu.m */ = {isa = PBXFileReference; fileEncoding = 4; lastKnownFileType = sourcecode.c.objc; name = LZPopOverMenu.m; path = lingke/LZPopOverMenu.m; sourceTree = "<group>"; };
		07B44B871D77B94B0023214C /* FastApplyViewController.h */ = {isa = PBXFileReference; fileEncoding = 4; lastKnownFileType = sourcecode.c.h; path = FastApplyViewController.h; sourceTree = "<group>"; };
		07B44B881D77B94B0023214C /* FastApplyViewController.m */ = {isa = PBXFileReference; fileEncoding = 4; lastKnownFileType = sourcecode.c.objc; path = FastApplyViewController.m; sourceTree = "<group>"; };
		07B44B8A1D77D33C0023214C /* MailListTableViewCell.h */ = {isa = PBXFileReference; fileEncoding = 4; lastKnownFileType = sourcecode.c.h; path = MailListTableViewCell.h; sourceTree = "<group>"; };
		07B44B8B1D77D33C0023214C /* MailListTableViewCell.m */ = {isa = PBXFileReference; fileEncoding = 4; lastKnownFileType = sourcecode.c.objc; path = MailListTableViewCell.m; sourceTree = "<group>"; };
		07B44B8C1D77D33C0023214C /* MailListTableViewCell.xib */ = {isa = PBXFileReference; fileEncoding = 4; lastKnownFileType = file.xib; path = MailListTableViewCell.xib; sourceTree = "<group>"; };
		07B44B8F1D7806660023214C /* MailListTableViewHeadView.h */ = {isa = PBXFileReference; fileEncoding = 4; lastKnownFileType = sourcecode.c.h; path = MailListTableViewHeadView.h; sourceTree = "<group>"; };
		07B44B901D7806660023214C /* MailListTableViewHeadView.m */ = {isa = PBXFileReference; fileEncoding = 4; lastKnownFileType = sourcecode.c.objc; path = MailListTableViewHeadView.m; sourceTree = "<group>"; };
		07B44B921D7807040023214C /* MailListTableViewHeadView.xib */ = {isa = PBXFileReference; fileEncoding = 4; lastKnownFileType = file.xib; path = MailListTableViewHeadView.xib; sourceTree = "<group>"; };
		07B44B941D7815920023214C /* MailListClassViewController.h */ = {isa = PBXFileReference; fileEncoding = 4; lastKnownFileType = sourcecode.c.h; path = MailListClassViewController.h; sourceTree = "<group>"; };
		07B44B951D7815920023214C /* MailListClassViewController.m */ = {isa = PBXFileReference; fileEncoding = 4; lastKnownFileType = sourcecode.c.objc; path = MailListClassViewController.m; sourceTree = "<group>"; };
		07B44B971D7951AB0023214C /* PersionModel.h */ = {isa = PBXFileReference; fileEncoding = 4; lastKnownFileType = sourcecode.c.h; name = PersionModel.h; path = lingke/Model/PersionModel.h; sourceTree = "<group>"; };
		07B44B981D7951AB0023214C /* PersionModel.m */ = {isa = PBXFileReference; fileEncoding = 4; lastKnownFileType = sourcecode.c.objc; name = PersionModel.m; path = lingke/Model/PersionModel.m; sourceTree = "<group>"; };
		07B90A391DA889FB00B759BA /* GDataXMLNode.h */ = {isa = PBXFileReference; fileEncoding = 4; lastKnownFileType = sourcecode.c.h; name = GDataXMLNode.h; path = lingke/GDataXMLNode.h; sourceTree = "<group>"; };
		07B90A3A1DA889FB00B759BA /* GDataXMLNode.m */ = {isa = PBXFileReference; fileEncoding = 4; lastKnownFileType = sourcecode.c.objc; name = GDataXMLNode.m; path = lingke/GDataXMLNode.m; sourceTree = "<group>"; };
		07B90A3C1DA8946A00B759BA /* UIImage+Compression.h */ = {isa = PBXFileReference; fileEncoding = 4; lastKnownFileType = sourcecode.c.h; name = "UIImage+Compression.h"; path = "lingke/UIImage+Compression.h"; sourceTree = "<group>"; };
		07B90A3D1DA8946A00B759BA /* UIImage+Compression.m */ = {isa = PBXFileReference; fileEncoding = 4; lastKnownFileType = sourcecode.c.objc; name = "UIImage+Compression.m"; path = "lingke/UIImage+Compression.m"; sourceTree = "<group>"; };
		07B90A3F1DA8D06300B759BA /* DataIndexViewController.h */ = {isa = PBXFileReference; fileEncoding = 4; lastKnownFileType = sourcecode.c.h; path = DataIndexViewController.h; sourceTree = "<group>"; };
		07B90A401DA8D06300B759BA /* DataIndexViewController.m */ = {isa = PBXFileReference; fileEncoding = 4; lastKnownFileType = sourcecode.c.objc; path = DataIndexViewController.m; sourceTree = "<group>"; };
		07B90A421DA8D6F400B759BA /* NSString+FormatConvert.h */ = {isa = PBXFileReference; fileEncoding = 4; lastKnownFileType = sourcecode.c.h; name = "NSString+FormatConvert.h"; path = "lingke/NSString+FormatConvert.h"; sourceTree = "<group>"; };
		07B90A431DA8D6F400B759BA /* NSString+FormatConvert.m */ = {isa = PBXFileReference; fileEncoding = 4; lastKnownFileType = sourcecode.c.objc; name = "NSString+FormatConvert.m"; path = "lingke/NSString+FormatConvert.m"; sourceTree = "<group>"; };
		07EE15351D748C2B00E5CE91 /* AppurikindTableViewCell.h */ = {isa = PBXFileReference; fileEncoding = 4; lastKnownFileType = sourcecode.c.h; path = AppurikindTableViewCell.h; sourceTree = "<group>"; };
		07EE15361D748C2B00E5CE91 /* AppurikindTableViewCell.m */ = {isa = PBXFileReference; fileEncoding = 4; lastKnownFileType = sourcecode.c.objc; path = AppurikindTableViewCell.m; sourceTree = "<group>"; };
		07EE15371D748C2B00E5CE91 /* AppurikindTableViewCell.xib */ = {isa = PBXFileReference; fileEncoding = 4; lastKnownFileType = file.xib; path = AppurikindTableViewCell.xib; sourceTree = "<group>"; };
		07EE15451D75DB8800E5CE91 /* ApplyViewController.h */ = {isa = PBXFileReference; fileEncoding = 4; lastKnownFileType = sourcecode.c.h; path = ApplyViewController.h; sourceTree = "<group>"; };
		07EE15461D75DB8800E5CE91 /* ApplyViewController.m */ = {isa = PBXFileReference; fileEncoding = 4; lastKnownFileType = sourcecode.c.objc; path = ApplyViewController.m; sourceTree = "<group>"; };
		07EE15521D7677F300E5CE91 /* ExtendappDetailViewController.h */ = {isa = PBXFileReference; fileEncoding = 4; lastKnownFileType = sourcecode.c.h; path = ExtendappDetailViewController.h; sourceTree = "<group>"; };
		07EE15531D7677F300E5CE91 /* ExtendappDetailViewController.m */ = {isa = PBXFileReference; fileEncoding = 4; lastKnownFileType = sourcecode.c.objc; path = ExtendappDetailViewController.m; sourceTree = "<group>"; };
		07EE15581D76B8AF00E5CE91 /* MailListViewController.h */ = {isa = PBXFileReference; fileEncoding = 4; lastKnownFileType = sourcecode.c.h; path = MailListViewController.h; sourceTree = "<group>"; };
		07EE15591D76B8AF00E5CE91 /* MailListViewController.m */ = {isa = PBXFileReference; fileEncoding = 4; lastKnownFileType = sourcecode.c.objc; path = MailListViewController.m; sourceTree = "<group>"; };
		07F7C73B1D80FFF600A860EA /* DataIndexModel.h */ = {isa = PBXFileReference; fileEncoding = 4; lastKnownFileType = sourcecode.c.h; name = DataIndexModel.h; path = lingke/Model/DataIndexModel.h; sourceTree = "<group>"; };
		07F7C73C1D80FFF600A860EA /* DataIndexModel.m */ = {isa = PBXFileReference; fileEncoding = 4; lastKnownFileType = sourcecode.c.objc; name = DataIndexModel.m; path = lingke/Model/DataIndexModel.m; sourceTree = "<group>"; };
		07F7C73E1D812E9000A860EA /* WFListModel.h */ = {isa = PBXFileReference; fileEncoding = 4; lastKnownFileType = sourcecode.c.h; name = WFListModel.h; path = lingke/Model/WFListModel.h; sourceTree = "<group>"; };
		07F7C73F1D812E9000A860EA /* WFListModel.m */ = {isa = PBXFileReference; fileEncoding = 4; lastKnownFileType = sourcecode.c.objc; name = WFListModel.m; path = lingke/Model/WFListModel.m; sourceTree = "<group>"; };
		07FFA6F31D6EDADB00A40454 /* Network.h */ = {isa = PBXFileReference; fileEncoding = 4; lastKnownFileType = sourcecode.c.h; path = Network.h; sourceTree = "<group>"; };
		07FFA6F41D6EDADB00A40454 /* Network.m */ = {isa = PBXFileReference; fileEncoding = 4; lastKnownFileType = sourcecode.c.objc; path = Network.m; sourceTree = "<group>"; };
		1F52B986CA02FD25F6B9BEE7 /* Pods-lingke.release.xcconfig */ = {isa = PBXFileReference; includeInIndex = 1; lastKnownFileType = text.xcconfig; name = "Pods-lingke.release.xcconfig"; path = "Pods/Target Support Files/Pods-lingke/Pods-lingke.release.xcconfig"; sourceTree = "<group>"; };
		B4BC1DDAB6741730C958D890 /* Pods-lingke.debug.xcconfig */ = {isa = PBXFileReference; includeInIndex = 1; lastKnownFileType = text.xcconfig; name = "Pods-lingke.debug.xcconfig"; path = "Pods/Target Support Files/Pods-lingke/Pods-lingke.debug.xcconfig"; sourceTree = "<group>"; };
		DABC1DE342ED79682D8CD2E6 /* Pods_lingke.framework */ = {isa = PBXFileReference; explicitFileType = wrapper.framework; includeInIndex = 0; path = Pods_lingke.framework; sourceTree = BUILT_PRODUCTS_DIR; };
/* End PBXFileReference section */

/* Begin PBXFrameworksBuildPhase section */
		070C16271D693CF800738BC7 /* Frameworks */ = {
			isa = PBXFrameworksBuildPhase;
			buildActionMask = 2147483647;
			files = (
				070C16F71D6C338D00738BC7 /* libxml2.tbd in Frameworks */,
				7D5B178C81F2F482EE8AB5E4 /* Pods_lingke.framework in Frameworks */,
			);
			runOnlyForDeploymentPostprocessing = 0;
		};
		070C16401D693CF800738BC7 /* Frameworks */ = {
			isa = PBXFrameworksBuildPhase;
			buildActionMask = 2147483647;
			files = (
			);
			runOnlyForDeploymentPostprocessing = 0;
		};
		070C164B1D693CF800738BC7 /* Frameworks */ = {
			isa = PBXFrameworksBuildPhase;
			buildActionMask = 2147483647;
			files = (
			);
			runOnlyForDeploymentPostprocessing = 0;
		};
/* End PBXFrameworksBuildPhase section */

/* Begin PBXGroup section */
		070C16211D693CF800738BC7 = {
			isa = PBXGroup;
			children = (
				072AAFC21D96871F0045F7DD /* Persion+CoreDataProperties.h */,
				072AAFC31D96871F0045F7DD /* Persion+CoreDataProperties.m */,
				072AAFC41D96871F0045F7DD /* Persion.h */,
				072AAFC51D96871F0045F7DD /* Persion.m */,
				0782BCD41D9681ED0077B4D2 /* CoreDataDemo.xcdatamodeld */,
				0782BC7D1D9674B20077B4D2 /* FMDB */,
				070C1A6E1D7EC23600D6E726 /* CustomView */,
				0721906F1D72907800EA832B /* Third */,
				072C28761D6D789100EAFFAC /* UIScrollView+TouchEvent.h */,
				072C28771D6D789100EAFFAC /* UIScrollView+TouchEvent.m */,
				072C285F1D6C874200EAFFAC /* LocalData.h */,
				072C28601D6C874200EAFFAC /* LocalData.m */,
				070C16F81D6C4BB100738BC7 /* Model */,
				070C16E71D6BF98700738BC7 /* HttpInstance */,
				070C16651D6949FF00738BC7 /* lingke.pch */,
				070C16601D693E0A00738BC7 /* ColorConfigure */,
				070C162C1D693CF800738BC7 /* lingke */,
				070C16461D693CF800738BC7 /* lingkeTests */,
				070C16511D693CF800738BC7 /* lingkeUITests */,
				070C162B1D693CF800738BC7 /* Products */,
				0C1A239DC18D7441DD73FB2F /* Pods */,
				0C6FF6F3E0DE15EB9C1D4520 /* Frameworks */,
			);
			sourceTree = "<group>";
		};
		070C162B1D693CF800738BC7 /* Products */ = {
			isa = PBXGroup;
			children = (
				070C162A1D693CF800738BC7 /* lingke.app */,
				070C16431D693CF800738BC7 /* lingkeTests.xctest */,
				070C164E1D693CF800738BC7 /* lingkeUITests.xctest */,
			);
			name = Products;
			sourceTree = "<group>";
		};
		070C162C1D693CF800738BC7 /* lingke */ = {
			isa = PBXGroup;
			children = (
				070C16301D693CF800738BC7 /* AppDelegate.h */,
				070C16311D693CF800738BC7 /* AppDelegate.m */,
				075C4A931D8B889D0028EF84 /* UIViewController+viewControllerHelp.h */,
				075C4A941D8B889D0028EF84 /* UIViewController+viewControllerHelp.m */,
				072C28621D6C9A2200EAFFAC /* BasicViewController.h */,
				072C28631D6C9A2200EAFFAC /* BasicViewController.m */,
				072C286E1D6D689000EAFFAC /* BasicTableViewController.h */,
				072C286F1D6D689000EAFFAC /* BasicTableViewController.m */,
				072C28651D6C9A4700EAFFAC /* TutorialsViewController.h */,
				072C28661D6C9A4700EAFFAC /* TutorialsViewController.m */,
				072C28681D6C9A5600EAFFAC /* LoginViewController.h */,
				072C28691D6C9A5600EAFFAC /* LoginViewController.m */,
				072C28721D6D6B6E00EAFFAC /* LoginTableViewCell.m */,
				072C28711D6D6B6E00EAFFAC /* LoginTableViewCell.h */,
				072C28741D6D6B9100EAFFAC /* LoginTableViewCell.xib */,
				072C28791D6D851700EAFFAC /* MainTabBarController.h */,
				072C287A1D6D851700EAFFAC /* MainTabBarController.m */,
				070C16331D693CF800738BC7 /* ViewController.h */,
				070C16341D693CF800738BC7 /* ViewController.m */,
				0734DFC21DA4A3B90058B1A3 /* ErrorViewController.h */,
				0734DFC31DA4A3B90058B1A3 /* ErrorViewController.m */,
				072C287C1D6D8E8300EAFFAC /* Homepage */,
				072C287E1D6D8EE600EAFFAC /* WaittingHand */,
				072C287F1D6D8F5F00EAFFAC /* Scan */,
				072C28801D6D8F9B00EAFFAC /* Message */,
				072C28811D6D8FA500EAFFAC /* My */,
				070C16361D693CF800738BC7 /* Main.storyboard */,
				070C16391D693CF800738BC7 /* Assets.xcassets */,
				070C163B1D693CF800738BC7 /* LaunchScreen.storyboard */,
				070C163E1D693CF800738BC7 /* Info.plist */,
				070C162D1D693CF800738BC7 /* Supporting Files */,
			);
			path = lingke;
			sourceTree = "<group>";
		};
		070C162D1D693CF800738BC7 /* Supporting Files */ = {
			isa = PBXGroup;
			children = (
				070C162E1D693CF800738BC7 /* main.m */,
			);
			name = "Supporting Files";
			sourceTree = "<group>";
		};
		070C16461D693CF800738BC7 /* lingkeTests */ = {
			isa = PBXGroup;
			children = (
				070C16471D693CF800738BC7 /* lingkeTests.m */,
				070C16491D693CF800738BC7 /* Info.plist */,
			);
			path = lingkeTests;
			sourceTree = "<group>";
		};
		070C16511D693CF800738BC7 /* lingkeUITests */ = {
			isa = PBXGroup;
			children = (
				070C16521D693CF800738BC7 /* lingkeUITests.m */,
				070C16541D693CF800738BC7 /* Info.plist */,
			);
			path = lingkeUITests;
			sourceTree = "<group>";
		};
		070C16601D693E0A00738BC7 /* ColorConfigure */ = {
			isa = PBXGroup;
			children = (
				070C16621D69443000738BC7 /* ConfigureColor.h */,
				070C16631D69443000738BC7 /* ConfigureColor.m */,
			);
			name = ColorConfigure;
			sourceTree = "<group>";
		};
		070C16E71D6BF98700738BC7 /* HttpInstance */ = {
			isa = PBXGroup;
			children = (
				070C16EB1D6C18F500738BC7 /* HttpsRequestManger.h */,
				070C16EC1D6C18F500738BC7 /* HttpsRequestManger.m */,
				07FFA6F31D6EDADB00A40454 /* Network.h */,
				07FFA6F41D6EDADB00A40454 /* Network.m */,
				0721906A1D6F2B3400EA832B /* HttpInterface.h */,
			);
			name = HttpInstance;
			sourceTree = "<group>";
		};
		070C16F81D6C4BB100738BC7 /* Model */ = {
			isa = PBXGroup;
			children = (
				070C16F91D6C4C0300738BC7 /* TutorialsModel.h */,
				070C16FA1D6C4C0300738BC7 /* TutorialsModel.m */,
				072190731D72972100EA832B /* HomeappModel.h */,
				072190741D72972100EA832B /* HomeappModel.m */,
				072190761D72CB0D00EA832B /* NewsInfoModel.h */,
				072190771D72CB0D00EA832B /* NewsInfoModel.m */,
				072190831D73158600EA832B /* ExtendappModel.h */,
				072190841D73158600EA832B /* ExtendappModel.m */,
				07B44B811D76DA860023214C /* ApplyModel.h */,
				07B44B821D76DA860023214C /* ApplyModel.m */,
				07B44B971D7951AB0023214C /* PersionModel.h */,
				07B44B981D7951AB0023214C /* PersionModel.m */,
				070C1A6B1D7EA34100D6E726 /* HomeFunctionModel.h */,
				070C1A6C1D7EA34100D6E726 /* HomeFunctionModel.m */,
				070C1A721D80008100D6E726 /* MessageModel.h */,
				070C1A731D80008100D6E726 /* MessageModel.m */,
				07F7C73B1D80FFF600A860EA /* DataIndexModel.h */,
				07F7C73C1D80FFF600A860EA /* DataIndexModel.m */,
				07F7C73E1D812E9000A860EA /* WFListModel.h */,
				07F7C73F1D812E9000A860EA /* WFListModel.m */,
			);
			name = Model;
			sourceTree = "<group>";
		};
		070C1A6E1D7EC23600D6E726 /* CustomView */ = {
			isa = PBXGroup;
			children = (
				070C1A6F1D7EC28300D6E726 /* MenusView.h */,
				070C1A701D7EC28300D6E726 /* MenusView.m */,
			);
			name = CustomView;
			sourceTree = "<group>";
		};
		0721906F1D72907800EA832B /* Third */ = {
			isa = PBXGroup;
			children = (
				07B90A421DA8D6F400B759BA /* NSString+FormatConvert.h */,
				07B90A431DA8D6F400B759BA /* NSString+FormatConvert.m */,
				07B90A3C1DA8946A00B759BA /* UIImage+Compression.h */,
				07B90A3D1DA8946A00B759BA /* UIImage+Compression.m */,
				07B90A391DA889FB00B759BA /* GDataXMLNode.h */,
				07B90A3A1DA889FB00B759BA /* GDataXMLNode.m */,
				07B44B841D76DE2B0023214C /* LZPopOverMenu.h */,
				07B44B851D76DE2B0023214C /* LZPopOverMenu.m */,
				072190701D7290BA00EA832B /* XMLDictionary.h */,
				072190711D7290BA00EA832B /* XMLDictionary.m */,
			);
			name = Third;
			sourceTree = "<group>";
		};
		072C287C1D6D8E8300EAFFAC /* Homepage */ = {
			isa = PBXGroup;
			children = (
				072C28821D6D900100EAFFAC /* HomepageViewController.h */,
				072C28831D6D900100EAFFAC /* HomepageViewController.m */,
				07EE15581D76B8AF00E5CE91 /* MailListViewController.h */,
				07EE15591D76B8AF00E5CE91 /* MailListViewController.m */,
				0734DF7A1DA32C8A0058B1A3 /* MyFriendViewController.h */,
				0734DF7B1DA32C8A0058B1A3 /* MyFriendViewController.m */,
				07B44B941D7815920023214C /* MailListClassViewController.h */,
				07B44B951D7815920023214C /* MailListClassViewController.m */,
				07AA7A451D7D1DF300ED80D1 /* MailDetailsViewController.h */,
				07AA7A461D7D1DF300ED80D1 /* MailDetailsViewController.m */,
				07B44B8F1D7806660023214C /* MailListTableViewHeadView.h */,
				07B44B901D7806660023214C /* MailListTableViewHeadView.m */,
				07B44B921D7807040023214C /* MailListTableViewHeadView.xib */,
				07B44B8A1D77D33C0023214C /* MailListTableViewCell.h */,
				07B44B8B1D77D33C0023214C /* MailListTableViewCell.m */,
				07B44B8C1D77D33C0023214C /* MailListTableViewCell.xib */,
				073A54D21D73E0600013DB67 /* NewsinfoDetailsViewController.h */,
				073A54D31D73E0600013DB67 /* NewsinfoDetailsViewController.m */,
				073A54D51D7404700013DB67 /* ExtendappViewController.h */,
				073A54D61D7404700013DB67 /* ExtendappViewController.m */,
				07EE15451D75DB8800E5CE91 /* ApplyViewController.h */,
				07EE15461D75DB8800E5CE91 /* ApplyViewController.m */,
				07B44B871D77B94B0023214C /* FastApplyViewController.h */,
				07B44B881D77B94B0023214C /* FastApplyViewController.m */,
				07EE15521D7677F300E5CE91 /* ExtendappDetailViewController.h */,
				07EE15531D7677F300E5CE91 /* ExtendappDetailViewController.m */,
				073A54D81D7414800013DB67 /* ExtendappCell.h */,
				073A54D91D7414800013DB67 /* ExtendappCell.m */,
				07EE15351D748C2B00E5CE91 /* AppurikindTableViewCell.h */,
				07EE15361D748C2B00E5CE91 /* AppurikindTableViewCell.m */,
				07EE15371D748C2B00E5CE91 /* AppurikindTableViewCell.xib */,
				072190791D72CF7300EA832B /* HomepageCell.h */,
				0721907A1D72CF7300EA832B /* HomepageCell.m */,
				0721907C1D72CF8000EA832B /* HomepageCell.xib */,
				0721907E1D72D18500EA832B /* HomepageCollectionViewCell.h */,
				0721907F1D72D18500EA832B /* HomepageCollectionViewCell.m */,
				072190801D72D18500EA832B /* HomepageCollectionViewCell.xib */,
				073A54CF1D73DC090013DB67 /* NewInfoImageView.h */,
				073A54D01D73DC090013DB67 /* NewInfoImageView.m */,
			);
			name = Homepage;
			sourceTree = "<group>";
		};
		072C287E1D6D8EE600EAFFAC /* WaittingHand */ = {
			isa = PBXGroup;
			children = (
				072C28851D6D901200EAFFAC /* WaittingHandViewController.h */,
				072C28861D6D901200EAFFAC /* WaittingHandViewController.m */,
				07B90A3F1DA8D06300B759BA /* DataIndexViewController.h */,
				07B90A401DA8D06300B759BA /* DataIndexViewController.m */,
			);
			name = WaittingHand;
			sourceTree = "<group>";
		};
		072C287F1D6D8F5F00EAFFAC /* Scan */ = {
			isa = PBXGroup;
			children = (
				0766ECDD1D85978700D884F5 /* ZHScanView */,
			);
			name = Scan;
			sourceTree = "<group>";
		};
		072C28801D6D8F9B00EAFFAC /* Message */ = {
			isa = PBXGroup;
			children = (
				072C288B1D6D902800EAFFAC /* MessageViewController.h */,
				072C288C1D6D902800EAFFAC /* MessageViewController.m */,
				070C1A781D8015A200D6E726 /* MessageDetailsViewController.h */,
				070C1A791D8015A200D6E726 /* MessageDetailsViewController.m */,
				070C1A751D800CEA00D6E726 /* MessageTableViewCell.h */,
				070C1A761D800CEA00D6E726 /* MessageTableViewCell.m */,
			);
			name = Message;
			sourceTree = "<group>";
		};
		072C28811D6D8FA500EAFFAC /* My */ = {
			isa = PBXGroup;
			children = (
				072C288E1D6D903700EAFFAC /* MyViewController.h */,
				072C288F1D6D903700EAFFAC /* MyViewController.m */,
				075C4A961D8B89180028EF84 /* UserinfoViewController.h */,
				075C4A971D8B89180028EF84 /* UserinfoViewController.m */,
				075C4A991D8B892B0028EF84 /* ChangePasswordViewController.h */,
				075C4A9A1D8B892B0028EF84 /* ChangePasswordViewController.m */,
				0766ECD11D85866B00D884F5 /* HelpViewController.h */,
				0766ECD21D85866B00D884F5 /* HelpViewController.m */,
			);
			name = My;
			sourceTree = "<group>";
		};
		0766ECDD1D85978700D884F5 /* ZHScanView */ = {
			isa = PBXGroup;
			children = (
				0766ECDE1D85978700D884F5 /* scan@2x.png */,
				0766ECDF1D85978700D884F5 /* scan@3x.png */,
				0766ECE01D85978700D884F5 /* scan_1@2x.png */,
				0766ECE11D85978700D884F5 /* scan_1@3x.png */,
				0766ECE21D85978700D884F5 /* ZHScanView.h */,
				0766ECE31D85978700D884F5 /* ZHScanView.m */,
				0766ECE91D8597CC00D884F5 /* ScanViewController.h */,
				0766ECEA1D8597CC00D884F5 /* ScanViewController.m */,
				0766ECEC1D85997800D884F5 /* ScanWebViewController.h */,
				0766ECED1D85997800D884F5 /* ScanWebViewController.m */,
			);
			path = ZHScanView;
			sourceTree = "<group>";
		};
		0782BC7D1D9674B20077B4D2 /* FMDB */ = {
			isa = PBXGroup;
			children = (
			);
			name = FMDB;
			sourceTree = "<group>";
		};
		0C1A239DC18D7441DD73FB2F /* Pods */ = {
			isa = PBXGroup;
			children = (
				B4BC1DDAB6741730C958D890 /* Pods-lingke.debug.xcconfig */,
				1F52B986CA02FD25F6B9BEE7 /* Pods-lingke.release.xcconfig */,
			);
			name = Pods;
			sourceTree = "<group>";
		};
		0C6FF6F3E0DE15EB9C1D4520 /* Frameworks */ = {
			isa = PBXGroup;
			children = (
				070C16F61D6C338D00738BC7 /* libxml2.tbd */,
				DABC1DE342ED79682D8CD2E6 /* Pods_lingke.framework */,
			);
			name = Frameworks;
			sourceTree = "<group>";
		};
/* End PBXGroup section */

/* Begin PBXNativeTarget section */
		070C16291D693CF800738BC7 /* lingke */ = {
			isa = PBXNativeTarget;
			buildConfigurationList = 070C16571D693CF800738BC7 /* Build configuration list for PBXNativeTarget "lingke" */;
			buildPhases = (
				B1806CE799AE55441B311E75 /* [CP] Check Pods Manifest.lock */,
				070C16261D693CF800738BC7 /* Sources */,
				070C16271D693CF800738BC7 /* Frameworks */,
				070C16281D693CF800738BC7 /* Resources */,
				E908703DAA22AB65E549530F /* [CP] Embed Pods Frameworks */,
				70F170A74A25E33EA445B36C /* [CP] Copy Pods Resources */,
			);
			buildRules = (
			);
			dependencies = (
			);
			name = lingke;
			productName = lingke;
			productReference = 070C162A1D693CF800738BC7 /* lingke.app */;
			productType = "com.apple.product-type.application";
		};
		070C16421D693CF800738BC7 /* lingkeTests */ = {
			isa = PBXNativeTarget;
			buildConfigurationList = 070C165A1D693CF800738BC7 /* Build configuration list for PBXNativeTarget "lingkeTests" */;
			buildPhases = (
				070C163F1D693CF800738BC7 /* Sources */,
				070C16401D693CF800738BC7 /* Frameworks */,
				070C16411D693CF800738BC7 /* Resources */,
			);
			buildRules = (
			);
			dependencies = (
				070C16451D693CF800738BC7 /* PBXTargetDependency */,
			);
			name = lingkeTests;
			productName = lingkeTests;
			productReference = 070C16431D693CF800738BC7 /* lingkeTests.xctest */;
			productType = "com.apple.product-type.bundle.unit-test";
		};
		070C164D1D693CF800738BC7 /* lingkeUITests */ = {
			isa = PBXNativeTarget;
			buildConfigurationList = 070C165D1D693CF800738BC7 /* Build configuration list for PBXNativeTarget "lingkeUITests" */;
			buildPhases = (
				070C164A1D693CF800738BC7 /* Sources */,
				070C164B1D693CF800738BC7 /* Frameworks */,
				070C164C1D693CF800738BC7 /* Resources */,
			);
			buildRules = (
			);
			dependencies = (
				070C16501D693CF800738BC7 /* PBXTargetDependency */,
			);
			name = lingkeUITests;
			productName = lingkeUITests;
			productReference = 070C164E1D693CF800738BC7 /* lingkeUITests.xctest */;
			productType = "com.apple.product-type.bundle.ui-testing";
		};
/* End PBXNativeTarget section */

/* Begin PBXProject section */
		070C16221D693CF800738BC7 /* Project object */ = {
			isa = PBXProject;
			attributes = {
				LastUpgradeCheck = 0730;
				ORGANIZATIONNAME = CLZ;
				TargetAttributes = {
					070C16291D693CF800738BC7 = {
						CreatedOnToolsVersion = 7.3;
					};
					070C16421D693CF800738BC7 = {
						CreatedOnToolsVersion = 7.3;
						TestTargetID = 070C16291D693CF800738BC7;
					};
					070C164D1D693CF800738BC7 = {
						CreatedOnToolsVersion = 7.3;
						TestTargetID = 070C16291D693CF800738BC7;
					};
				};
			};
			buildConfigurationList = 070C16251D693CF800738BC7 /* Build configuration list for PBXProject "lingke" */;
			compatibilityVersion = "Xcode 3.2";
			developmentRegion = English;
			hasScannedForEncodings = 0;
			knownRegions = (
				en,
				Base,
			);
			mainGroup = 070C16211D693CF800738BC7;
			productRefGroup = 070C162B1D693CF800738BC7 /* Products */;
			projectDirPath = "";
			projectRoot = "";
			targets = (
				070C16291D693CF800738BC7 /* lingke */,
				070C16421D693CF800738BC7 /* lingkeTests */,
				070C164D1D693CF800738BC7 /* lingkeUITests */,
			);
		};
/* End PBXProject section */

/* Begin PBXResourcesBuildPhase section */
		070C16281D693CF800738BC7 /* Resources */ = {
			isa = PBXResourcesBuildPhase;
			buildActionMask = 2147483647;
			files = (
				070C163D1D693CF800738BC7 /* LaunchScreen.storyboard in Resources */,
				0766ECE41D85978700D884F5 /* scan@2x.png in Resources */,
				0766ECE71D85978700D884F5 /* scan_1@3x.png in Resources */,
				070C163A1D693CF800738BC7 /* Assets.xcassets in Resources */,
				072190821D72D18500EA832B /* HomepageCollectionViewCell.xib in Resources */,
				070C16381D693CF800738BC7 /* Main.storyboard in Resources */,
				07B44B931D7807040023214C /* MailListTableViewHeadView.xib in Resources */,
				07B44B8E1D77D33C0023214C /* MailListTableViewCell.xib in Resources */,
				0721907D1D72CF8000EA832B /* HomepageCell.xib in Resources */,
				072C28751D6D6B9100EAFFAC /* LoginTableViewCell.xib in Resources */,
				0766ECE51D85978700D884F5 /* scan@3x.png in Resources */,
				07EE15391D748C2B00E5CE91 /* AppurikindTableViewCell.xib in Resources */,
				0766ECE61D85978700D884F5 /* scan_1@2x.png in Resources */,
			);
			runOnlyForDeploymentPostprocessing = 0;
		};
		070C16411D693CF800738BC7 /* Resources */ = {
			isa = PBXResourcesBuildPhase;
			buildActionMask = 2147483647;
			files = (
			);
			runOnlyForDeploymentPostprocessing = 0;
		};
		070C164C1D693CF800738BC7 /* Resources */ = {
			isa = PBXResourcesBuildPhase;
			buildActionMask = 2147483647;
			files = (
			);
			runOnlyForDeploymentPostprocessing = 0;
		};
/* End PBXResourcesBuildPhase section */

/* Begin PBXShellScriptBuildPhase section */
		70F170A74A25E33EA445B36C /* [CP] Copy Pods Resources */ = {
			isa = PBXShellScriptBuildPhase;
			buildActionMask = 2147483647;
			files = (
			);
			inputPaths = (
			);
			name = "[CP] Copy Pods Resources";
			outputPaths = (
			);
			runOnlyForDeploymentPostprocessing = 0;
			shellPath = /bin/sh;
			shellScript = "\"${SRCROOT}/Pods/Target Support Files/Pods-lingke/Pods-lingke-resources.sh\"\n";
			showEnvVarsInLog = 0;
		};
		B1806CE799AE55441B311E75 /* [CP] Check Pods Manifest.lock */ = {
			isa = PBXShellScriptBuildPhase;
			buildActionMask = 2147483647;
			files = (
			);
			inputPaths = (
			);
			name = "[CP] Check Pods Manifest.lock";
			outputPaths = (
			);
			runOnlyForDeploymentPostprocessing = 0;
			shellPath = /bin/sh;
			shellScript = "diff \"${PODS_ROOT}/../Podfile.lock\" \"${PODS_ROOT}/Manifest.lock\" > /dev/null\nif [[ $? != 0 ]] ; then\n    cat << EOM\nerror: The sandbox is not in sync with the Podfile.lock. Run 'pod install' or update your CocoaPods installation.\nEOM\n    exit 1\nfi\n";
			showEnvVarsInLog = 0;
		};
		E908703DAA22AB65E549530F /* [CP] Embed Pods Frameworks */ = {
			isa = PBXShellScriptBuildPhase;
			buildActionMask = 2147483647;
			files = (
			);
			inputPaths = (
			);
			name = "[CP] Embed Pods Frameworks";
			outputPaths = (
			);
			runOnlyForDeploymentPostprocessing = 0;
			shellPath = /bin/sh;
			shellScript = "\"${SRCROOT}/Pods/Target Support Files/Pods-lingke/Pods-lingke-frameworks.sh\"\n";
			showEnvVarsInLog = 0;
		};
/* End PBXShellScriptBuildPhase section */

/* Begin PBXSourcesBuildPhase section */
		070C16261D693CF800738BC7 /* Sources */ = {
			isa = PBXSourcesBuildPhase;
			buildActionMask = 2147483647;
			files = (
				07B90A441DA8D6F400B759BA /* NSString+FormatConvert.m in Sources */,
				072C28671D6C9A4700EAFFAC /* TutorialsViewController.m in Sources */,
				072190851D73158600EA832B /* ExtendappModel.m in Sources */,
				07B44B891D77B94B0023214C /* FastApplyViewController.m in Sources */,
				070C1A711D7EC28300D6E726 /* MenusView.m in Sources */,
				073A54D71D7404700013DB67 /* ExtendappViewController.m in Sources */,
				070C16FB1D6C4C0300738BC7 /* TutorialsModel.m in Sources */,
				070C16641D69443000738BC7 /* ConfigureColor.m in Sources */,
				07B90A3B1DA889FB00B759BA /* GDataXMLNode.m in Sources */,
				070C16351D693CF800738BC7 /* ViewController.m in Sources */,
				072AAFC61D96871F0045F7DD /* Persion+CoreDataProperties.m in Sources */,
				07B44B961D7815920023214C /* MailListClassViewController.m in Sources */,
				072C28611D6C874200EAFFAC /* LocalData.m in Sources */,
				07B90A3E1DA8946A00B759BA /* UIImage+Compression.m in Sources */,
				070C16ED1D6C18F500738BC7 /* HttpsRequestManger.m in Sources */,
				072C287B1D6D851700EAFFAC /* MainTabBarController.m in Sources */,
				072C28641D6C9A2200EAFFAC /* BasicViewController.m in Sources */,
				07B44B8D1D77D33C0023214C /* MailListTableViewCell.m in Sources */,
				07EE15541D7677F300E5CE91 /* ExtendappDetailViewController.m in Sources */,
				072190721D7290BA00EA832B /* XMLDictionary.m in Sources */,
				0782BCD61D9681ED0077B4D2 /* CoreDataDemo.xcdatamodeld in Sources */,
				07B90A411DA8D06400B759BA /* DataIndexViewController.m in Sources */,
				0766ECE81D85978700D884F5 /* ZHScanView.m in Sources */,
				07EE155A1D76B8AF00E5CE91 /* MailListViewController.m in Sources */,
				072AAFC71D96871F0045F7DD /* Persion.m in Sources */,
				0766ECEE1D85997800D884F5 /* ScanWebViewController.m in Sources */,
				072C28841D6D900100EAFFAC /* HomepageViewController.m in Sources */,
				07B44B911D7806660023214C /* MailListTableViewHeadView.m in Sources */,
				0721907B1D72CF7300EA832B /* HomepageCell.m in Sources */,
				075C4A9B1D8B892B0028EF84 /* ChangePasswordViewController.m in Sources */,
				072C288D1D6D902800EAFFAC /* MessageViewController.m in Sources */,
				07F7C73D1D80FFF600A860EA /* DataIndexModel.m in Sources */,
				072190751D72972200EA832B /* HomeappModel.m in Sources */,
				072C28731D6D6B6E00EAFFAC /* LoginTableViewCell.m in Sources */,
				072C28871D6D901200EAFFAC /* WaittingHandViewController.m in Sources */,
				070C16321D693CF800738BC7 /* AppDelegate.m in Sources */,
				0734DF7C1DA32C8A0058B1A3 /* MyFriendViewController.m in Sources */,
				07B44B831D76DA860023214C /* ApplyModel.m in Sources */,
				075C4A981D8B89180028EF84 /* UserinfoViewController.m in Sources */,
				07AA7A471D7D1DF300ED80D1 /* MailDetailsViewController.m in Sources */,
				073A54DB1D7414800013DB67 /* ExtendappCell.m in Sources */,
				073A54D41D73E0600013DB67 /* NewsinfoDetailsViewController.m in Sources */,
				07F7C7401D812E9000A860EA /* WFListModel.m in Sources */,
				072C28901D6D903700EAFFAC /* MyViewController.m in Sources */,
				0734DFC41DA4A3B90058B1A3 /* ErrorViewController.m in Sources */,
				070C162F1D693CF800738BC7 /* main.m in Sources */,
				072190811D72D18500EA832B /* HomepageCollectionViewCell.m in Sources */,
				0766ECD31D85866B00D884F5 /* HelpViewController.m in Sources */,
				072C286A1D6C9A5600EAFFAC /* LoginViewController.m in Sources */,
				07EE15471D75DB8800E5CE91 /* ApplyViewController.m in Sources */,
				07B44B991D7951AB0023214C /* PersionModel.m in Sources */,
				07EE15381D748C2B00E5CE91 /* AppurikindTableViewCell.m in Sources */,
				070C1A7A1D8015A200D6E726 /* MessageDetailsViewController.m in Sources */,
				073A54D11D73DC090013DB67 /* NewInfoImageView.m in Sources */,
				0766ECEB1D8597CC00D884F5 /* ScanViewController.m in Sources */,
				072C28781D6D789100EAFFAC /* UIScrollView+TouchEvent.m in Sources */,
				075C4A951D8B889D0028EF84 /* UIViewController+viewControllerHelp.m in Sources */,
				07B44B861D76DE2B0023214C /* LZPopOverMenu.m in Sources */,
				070C1A771D800CEA00D6E726 /* MessageTableViewCell.m in Sources */,
				07FFA6F51D6EDADB00A40454 /* Network.m in Sources */,
				070C1A6D1D7EA34100D6E726 /* HomeFunctionModel.m in Sources */,
				072190781D72CB0D00EA832B /* NewsInfoModel.m in Sources */,
				070C1A741D80008100D6E726 /* MessageModel.m in Sources */,
				072C28701D6D689000EAFFAC /* BasicTableViewController.m in Sources */,
			);
			runOnlyForDeploymentPostprocessing = 0;
		};
		070C163F1D693CF800738BC7 /* Sources */ = {
			isa = PBXSourcesBuildPhase;
			buildActionMask = 2147483647;
			files = (
				070C16481D693CF800738BC7 /* lingkeTests.m in Sources */,
			);
			runOnlyForDeploymentPostprocessing = 0;
		};
		070C164A1D693CF800738BC7 /* Sources */ = {
			isa = PBXSourcesBuildPhase;
			buildActionMask = 2147483647;
			files = (
				070C16531D693CF800738BC7 /* lingkeUITests.m in Sources */,
			);
			runOnlyForDeploymentPostprocessing = 0;
		};
/* End PBXSourcesBuildPhase section */

/* Begin PBXTargetDependency section */
		070C16451D693CF800738BC7 /* PBXTargetDependency */ = {
			isa = PBXTargetDependency;
			target = 070C16291D693CF800738BC7 /* lingke */;
			targetProxy = 070C16441D693CF800738BC7 /* PBXContainerItemProxy */;
		};
		070C16501D693CF800738BC7 /* PBXTargetDependency */ = {
			isa = PBXTargetDependency;
			target = 070C16291D693CF800738BC7 /* lingke */;
			targetProxy = 070C164F1D693CF800738BC7 /* PBXContainerItemProxy */;
		};
/* End PBXTargetDependency section */

/* Begin PBXVariantGroup section */
		070C16361D693CF800738BC7 /* Main.storyboard */ = {
			isa = PBXVariantGroup;
			children = (
				070C16371D693CF800738BC7 /* Base */,
			);
			name = Main.storyboard;
			sourceTree = "<group>";
		};
		070C163B1D693CF800738BC7 /* LaunchScreen.storyboard */ = {
			isa = PBXVariantGroup;
			children = (
				070C163C1D693CF800738BC7 /* Base */,
			);
			name = LaunchScreen.storyboard;
			sourceTree = "<group>";
		};
/* End PBXVariantGroup section */

/* Begin XCBuildConfiguration section */
		070C16551D693CF800738BC7 /* Debug */ = {
			isa = XCBuildConfiguration;
			buildSettings = {
				ALWAYS_SEARCH_USER_PATHS = NO;
				CLANG_ANALYZER_NONNULL = YES;
				CLANG_CXX_LANGUAGE_STANDARD = "gnu++0x";
				CLANG_CXX_LIBRARY = "libc++";
				CLANG_ENABLE_MODULES = YES;
				CLANG_ENABLE_OBJC_ARC = YES;
				CLANG_WARN_BOOL_CONVERSION = YES;
				CLANG_WARN_CONSTANT_CONVERSION = YES;
				CLANG_WARN_DIRECT_OBJC_ISA_USAGE = YES_ERROR;
				CLANG_WARN_EMPTY_BODY = YES;
				CLANG_WARN_ENUM_CONVERSION = YES;
				CLANG_WARN_INT_CONVERSION = YES;
				CLANG_WARN_OBJC_ROOT_CLASS = YES_ERROR;
				CLANG_WARN_UNREACHABLE_CODE = YES;
				CLANG_WARN__DUPLICATE_METHOD_MATCH = YES;
				"CODE_SIGN_IDENTITY[sdk=iphoneos*]" = "iPhone Developer";
				COPY_PHASE_STRIP = NO;
				DEBUG_INFORMATION_FORMAT = dwarf;
				ENABLE_STRICT_OBJC_MSGSEND = YES;
				ENABLE_TESTABILITY = YES;
				GCC_C_LANGUAGE_STANDARD = gnu99;
				GCC_DYNAMIC_NO_PIC = NO;
				GCC_NO_COMMON_BLOCKS = YES;
				GCC_OPTIMIZATION_LEVEL = 0;
				GCC_PREPROCESSOR_DEFINITIONS = (
					"DEBUG=1",
					"$(inherited)",
				);
				GCC_WARN_64_TO_32_BIT_CONVERSION = YES;
				GCC_WARN_ABOUT_RETURN_TYPE = YES_ERROR;
				GCC_WARN_UNDECLARED_SELECTOR = YES;
				GCC_WARN_UNINITIALIZED_AUTOS = YES_AGGRESSIVE;
				GCC_WARN_UNUSED_FUNCTION = YES;
				GCC_WARN_UNUSED_VARIABLE = YES;
				IPHONEOS_DEPLOYMENT_TARGET = 9.3;
				MTL_ENABLE_DEBUG_INFO = YES;
				ONLY_ACTIVE_ARCH = YES;
				SDKROOT = iphoneos;
				TARGETED_DEVICE_FAMILY = "1,2";
			};
			name = Debug;
		};
		070C16561D693CF800738BC7 /* Release */ = {
			isa = XCBuildConfiguration;
			buildSettings = {
				ALWAYS_SEARCH_USER_PATHS = NO;
				CLANG_ANALYZER_NONNULL = YES;
				CLANG_CXX_LANGUAGE_STANDARD = "gnu++0x";
				CLANG_CXX_LIBRARY = "libc++";
				CLANG_ENABLE_MODULES = YES;
				CLANG_ENABLE_OBJC_ARC = YES;
				CLANG_WARN_BOOL_CONVERSION = YES;
				CLANG_WARN_CONSTANT_CONVERSION = YES;
				CLANG_WARN_DIRECT_OBJC_ISA_USAGE = YES_ERROR;
				CLANG_WARN_EMPTY_BODY = YES;
				CLANG_WARN_ENUM_CONVERSION = YES;
				CLANG_WARN_INT_CONVERSION = YES;
				CLANG_WARN_OBJC_ROOT_CLASS = YES_ERROR;
				CLANG_WARN_UNREACHABLE_CODE = YES;
				CLANG_WARN__DUPLICATE_METHOD_MATCH = YES;
				"CODE_SIGN_IDENTITY[sdk=iphoneos*]" = "iPhone Developer";
				COPY_PHASE_STRIP = NO;
				DEBUG_INFORMATION_FORMAT = "dwarf-with-dsym";
				ENABLE_NS_ASSERTIONS = NO;
				ENABLE_STRICT_OBJC_MSGSEND = YES;
				GCC_C_LANGUAGE_STANDARD = gnu99;
				GCC_NO_COMMON_BLOCKS = YES;
				GCC_WARN_64_TO_32_BIT_CONVERSION = YES;
				GCC_WARN_ABOUT_RETURN_TYPE = YES_ERROR;
				GCC_WARN_UNDECLARED_SELECTOR = YES;
				GCC_WARN_UNINITIALIZED_AUTOS = YES_AGGRESSIVE;
				GCC_WARN_UNUSED_FUNCTION = YES;
				GCC_WARN_UNUSED_VARIABLE = YES;
				IPHONEOS_DEPLOYMENT_TARGET = 9.3;
				MTL_ENABLE_DEBUG_INFO = NO;
				SDKROOT = iphoneos;
				TARGETED_DEVICE_FAMILY = "1,2";
				VALIDATE_PRODUCT = YES;
			};
			name = Release;
		};
		070C16581D693CF800738BC7 /* Debug */ = {
			isa = XCBuildConfiguration;
			baseConfigurationReference = B4BC1DDAB6741730C958D890 /* Pods-lingke.debug.xcconfig */;
			buildSettings = {
				ASSETCATALOG_COMPILER_APPICON_NAME = AppIcon;
				ASSETCATALOG_COMPILER_LAUNCHIMAGE_NAME = LaunchImage;
				GCC_PREFIX_HEADER = "$(SRCROOT)/lingke/lingke.pch";
				HEADER_SEARCH_PATHS = /usr/include/libxml2;
				INFOPLIST_FILE = lingke/Info.plist;
				IPHONEOS_DEPLOYMENT_TARGET = 8.0;
				LD_RUNPATH_SEARCH_PATHS = "$(inherited) @executable_path/Frameworks";
				PRODUCT_BUNDLE_IDENTIFIER = com.hkwzig.lingke;
				PRODUCT_NAME = "$(TARGET_NAME)";
			};
			name = Debug;
		};
		070C16591D693CF800738BC7 /* Release */ = {
			isa = XCBuildConfiguration;
			baseConfigurationReference = 1F52B986CA02FD25F6B9BEE7 /* Pods-lingke.release.xcconfig */;
			buildSettings = {
				ASSETCATALOG_COMPILER_APPICON_NAME = AppIcon;
				ASSETCATALOG_COMPILER_LAUNCHIMAGE_NAME = LaunchImage;
				CODE_SIGN_IDENTITY = "iPhone Distribution: Wuzhou International Holdings Limited";
				GCC_PREFIX_HEADER = "$(SRCROOT)/lingke/lingke.pch";
				HEADER_SEARCH_PATHS = "/usr/include/libxml2 ";
				INFOPLIST_FILE = lingke/Info.plist;
				IPHONEOS_DEPLOYMENT_TARGET = 8.0;
				LD_RUNPATH_SEARCH_PATHS = "$(inherited) @executable_path/Frameworks";
				PRODUCT_BUNDLE_IDENTIFIER = com.hkwzig.lingke;
				PRODUCT_NAME = "$(TARGET_NAME)";
				PROVISIONING_PROFILE = "51fa79fc-db6d-4d6c-addf-46266cf1b3d4";
			};
			name = Release;
		};
		070C165B1D693CF800738BC7 /* Debug */ = {
			isa = XCBuildConfiguration;
			buildSettings = {
				BUNDLE_LOADER = "$(TEST_HOST)";
				INFOPLIST_FILE = lingkeTests/Info.plist;
				LD_RUNPATH_SEARCH_PATHS = "$(inherited) @executable_path/Frameworks @loader_path/Frameworks";
				PRODUCT_BUNDLE_IDENTIFIER = com.Softtek.lingkeTests;
				PRODUCT_NAME = "$(TARGET_NAME)";
				TEST_HOST = "$(BUILT_PRODUCTS_DIR)/lingke.app/lingke";
			};
			name = Debug;
		};
		070C165C1D693CF800738BC7 /* Release */ = {
			isa = XCBuildConfiguration;
			buildSettings = {
				BUNDLE_LOADER = "$(TEST_HOST)";
				INFOPLIST_FILE = lingkeTests/Info.plist;
				LD_RUNPATH_SEARCH_PATHS = "$(inherited) @executable_path/Frameworks @loader_path/Frameworks";
				PRODUCT_BUNDLE_IDENTIFIER = com.Softtek.lingkeTests;
				PRODUCT_NAME = "$(TARGET_NAME)";
				TEST_HOST = "$(BUILT_PRODUCTS_DIR)/lingke.app/lingke";
			};
			name = Release;
		};
		070C165E1D693CF800738BC7 /* Debug */ = {
			isa = XCBuildConfiguration;
			buildSettings = {
				INFOPLIST_FILE = lingkeUITests/Info.plist;
				LD_RUNPATH_SEARCH_PATHS = "$(inherited) @executable_path/Frameworks @loader_path/Frameworks";
				PRODUCT_BUNDLE_IDENTIFIER = com.Softtek.lingkeUITests;
				PRODUCT_NAME = "$(TARGET_NAME)";
				TEST_TARGET_NAME = lingke;
			};
			name = Debug;
		};
		070C165F1D693CF800738BC7 /* Release */ = {
			isa = XCBuildConfiguration;
			buildSettings = {
				INFOPLIST_FILE = lingkeUITests/Info.plist;
				LD_RUNPATH_SEARCH_PATHS = "$(inherited) @executable_path/Frameworks @loader_path/Frameworks";
				PRODUCT_BUNDLE_IDENTIFIER = com.Softtek.lingkeUITests;
				PRODUCT_NAME = "$(TARGET_NAME)";
				TEST_TARGET_NAME = lingke;
			};
			name = Release;
		};
/* End XCBuildConfiguration section */

/* Begin XCConfigurationList section */
		070C16251D693CF800738BC7 /* Build configuration list for PBXProject "lingke" */ = {
			isa = XCConfigurationList;
			buildConfigurations = (
				070C16551D693CF800738BC7 /* Debug */,
				070C16561D693CF800738BC7 /* Release */,
			);
			defaultConfigurationIsVisible = 0;
			defaultConfigurationName = Release;
		};
		070C16571D693CF800738BC7 /* Build configuration list for PBXNativeTarget "lingke" */ = {
			isa = XCConfigurationList;
			buildConfigurations = (
				070C16581D693CF800738BC7 /* Debug */,
				070C16591D693CF800738BC7 /* Release */,
			);
			defaultConfigurationIsVisible = 0;
			defaultConfigurationName = Release;
		};
		070C165A1D693CF800738BC7 /* Build configuration list for PBXNativeTarget "lingkeTests" */ = {
			isa = XCConfigurationList;
			buildConfigurations = (
				070C165B1D693CF800738BC7 /* Debug */,
				070C165C1D693CF800738BC7 /* Release */,
			);
			defaultConfigurationIsVisible = 0;
			defaultConfigurationName = Release;
		};
		070C165D1D693CF800738BC7 /* Build configuration list for PBXNativeTarget "lingkeUITests" */ = {
			isa = XCConfigurationList;
			buildConfigurations = (
				070C165E1D693CF800738BC7 /* Debug */,
				070C165F1D693CF800738BC7 /* Release */,
			);
			defaultConfigurationIsVisible = 0;
			defaultConfigurationName = Release;
		};
/* End XCConfigurationList section */

/* Begin XCVersionGroup section */
		0782BCD41D9681ED0077B4D2 /* CoreDataDemo.xcdatamodeld */ = {
			isa = XCVersionGroup;
			children = (
				0782BCD51D9681ED0077B4D2 /* CoreDataDemo.xcdatamodel */,
			);
			currentVersion = 0782BCD51D9681ED0077B4D2 /* CoreDataDemo.xcdatamodel */;
			name = CoreDataDemo.xcdatamodeld;
			path = lingke/CoreDataDemo.xcdatamodeld;
			sourceTree = "<group>";
			versionGroupType = wrapper.xcdatamodel;
		};
/* End XCVersionGroup section */
	};
	rootObject = 070C16221D693CF800738BC7 /* Project object */;
}
